{
  "object": {
    "pins": [
      {
        "package": "AEExtensionKit",
        "repositoryURL": "https://github.com/AuroraEditor/AEExtensionKit.git",
        "state": {
          "branch": "main",
          "revision": "125fb02a7e4094c1836659809779c298d2ca976a",
          "version": null
        }
      },
      {
        "package": "SwiftOniguruma",
        "repositoryURL": "https://github.com/AuroraEditor/SwiftOniguruma",
        "state": {
          "branch": "main",
          "revision": "f7706ce7e7b8cc7b59523ed7c604365df4b1bad7",
          "version": null
        }
      },
      {
        "package": "SwiftTerm",
        "repositoryURL": "https://github.com/migueldeicaza/SwiftTerm.git",
        "state": {
          "branch": null,
          "revision": "70a3af884c24dff9f1beeda04e889b5591f04f3c",
          "version": "1.0.7"
        }
      },
      {
        "package": "Version-Control",
        "repositoryURL": "https://github.com/AuroraEditor/Version-Control-Kit.git",
        "state": {
          "branch": "main",
          "revision": "e0823b7bcbf97dcc65279010654851fa42419527",
          "version": null
        }
      }
    ]
  },
  "version": 1
}
